
Microsoft Visual Studio Solution File, Format Version 11.00
# Visual Studio 2010
Project("{159641D6-6404-4A2A-AE62-294DE0FE8301}") = "crash project", "crash project\crash project.dtproj", "{7037B1CF-1F5D-483D-B668-D8391DECC584}"
EndProject
Global
	GlobalSection(SolutionConfigurationPlatforms) = preSolution
		Development|Default = Development|Default
	EndGlobalSection
	GlobalSection(ProjectConfigurationPlatforms) = postSolution
		{7037B1CF-1F5D-483D-B668-D8391DECC584}.Development|Default.ActiveCfg = Development
		{7037B1CF-1F5D-483D-B668-D8391DECC584}.Development|Default.Build.0 = Development
	EndGlobalSection
	GlobalSection(SolutionProperties) = preSolution
		HideSolutionNode = FALSE
	EndGlobalSection
EndGlobal
