
Microsoft Visual Studio Solution File, Format Version 11.00
# Visual Studio 2010
Project("{F14B399A-7131-4C87-9E4B-1186C45EF12D}") = "crashreport", "crashreport\crashreport.rptproj", "{9553B3B0-6C45-496B-8CFA-AC513FB6DD95}"
EndProject
Global
	GlobalSection(SolutionConfigurationPlatforms) = preSolution
		Debug|Default = Debug|Default
		DebugLocal|Default = DebugLocal|Default
		Release|Default = Release|Default
	EndGlobalSection
	GlobalSection(ProjectConfigurationPlatforms) = postSolution
		{9553B3B0-6C45-496B-8CFA-AC513FB6DD95}.Debug|Default.ActiveCfg = Debug
		{9553B3B0-6C45-496B-8CFA-AC513FB6DD95}.Debug|Default.Build.0 = DebugLocal
		{9553B3B0-6C45-496B-8CFA-AC513FB6DD95}.Debug|Default.Deploy.0 = DebugLocal
		{9553B3B0-6C45-496B-8CFA-AC513FB6DD95}.DebugLocal|Default.ActiveCfg = DebugLocal
		{9553B3B0-6C45-496B-8CFA-AC513FB6DD95}.DebugLocal|Default.Build.0 = DebugLocal
		{9553B3B0-6C45-496B-8CFA-AC513FB6DD95}.Release|Default.ActiveCfg = Release
		{9553B3B0-6C45-496B-8CFA-AC513FB6DD95}.Release|Default.Build.0 = Release
		{9553B3B0-6C45-496B-8CFA-AC513FB6DD95}.Release|Default.Deploy.0 = Release
	EndGlobalSection
	GlobalSection(SolutionProperties) = preSolution
		HideSolutionNode = FALSE
	EndGlobalSection
EndGlobal
