
Microsoft Visual Studio Solution File, Format Version 11.00
# Visual Studio 2010
Project("{D2ABAB84-BF74-430A-B69E-9DC6D40DDA17}") = "CrashCube", "CrashCube\CrashCube.dwproj", "{5DB7AD8F-D788-43A8-8F21-9FE5FF755A41}"
EndProject
Global
	GlobalSection(SolutionConfigurationPlatforms) = preSolution
		Development|Default = Development|Default
	EndGlobalSection
	GlobalSection(ProjectConfigurationPlatforms) = postSolution
		{5DB7AD8F-D788-43A8-8F21-9FE5FF755A41}.Development|Default.ActiveCfg = Development
		{5DB7AD8F-D788-43A8-8F21-9FE5FF755A41}.Development|Default.Build.0 = Development
		{5DB7AD8F-D788-43A8-8F21-9FE5FF755A41}.Development|Default.Deploy.0 = Development
	EndGlobalSection
	GlobalSection(SolutionProperties) = preSolution
		HideSolutionNode = FALSE
	EndGlobalSection
EndGlobal
